// !$*UTF8*$!
{
	archiveVersion = 1;
	classes = {
	};
	objectVersion = 50;
	objects = {

/* Begin PBXBuildFile section */
		C21B8433242715CA00A1C057 /* AppDelegate.swift in Sources */ = {isa = PBXBuildFile; fileRef = C21B8432242715CA00A1C057 /* AppDelegate.swift */; };
		C21B843C242715D200A1C057 /* Assets.xcassets in Resources */ = {isa = PBXBuildFile; fileRef = C21B843B242715D200A1C057 /* Assets.xcassets */; };
		C21B845624279F5100A1C057 /* Main.storyboard in Resources */ = {isa = PBXBuildFile; fileRef = C21B845524279F5100A1C057 /* Main.storyboard */; };
		C21B845824279F6A00A1C057 /* MainViewController.swift in Sources */ = {isa = PBXBuildFile; fileRef = C21B845724279F6A00A1C057 /* MainViewController.swift */; };
		C21B845B242A414C00A1C057 /* JsBridge.swift in Sources */ = {isa = PBXBuildFile; fileRef = C21B845A242A414C00A1C057 /* JsBridge.swift */; };
		C224AC9128B271E30004B11F /* SiteTableCell.swift in Sources */ = {isa = PBXBuildFile; fileRef = C224AC9028B271E30004B11F /* SiteTableCell.swift */; };
		C224AD3D28C3C9930004B11F /* BottomSheetController.swift in Sources */ = {isa = PBXBuildFile; fileRef = C224AD3C28C3C9930004B11F /* BottomSheetController.swift */; };
		C224AD3F28C3CFD00004B11F /* MenuBottomSheetController.swift in Sources */ = {isa = PBXBuildFile; fileRef = C224AD3E28C3CFD00004B11F /* MenuBottomSheetController.swift */; };
		C224AD4128C3CFFF0004B11F /* MenuBottomSheetController.storyboard in Resources */ = {isa = PBXBuildFile; fileRef = C224AD4028C3CFFF0004B11F /* MenuBottomSheetController.storyboard */; };
		C224AD4328C3D6290004B11F /* MenuBottomSheetTableCell.swift in Sources */ = {isa = PBXBuildFile; fileRef = C224AD4228C3D6290004B11F /* MenuBottomSheetTableCell.swift */; };
		C224AD4528C43F7D0004B11F /* HJTableView.swift in Sources */ = {isa = PBXBuildFile; fileRef = C224AD4428C43F7D0004B11F /* HJTableView.swift */; };
		C224AD4B28C551DF0004B11F /* BRAppBar.xib in Resources */ = {isa = PBXBuildFile; fileRef = C224AD4A28C551DF0004B11F /* BRAppBar.xib */; };
		C224AD4D28C552C50004B11F /* BRAppBar.swift in Sources */ = {isa = PBXBuildFile; fileRef = C224AD4C28C552C50004B11F /* BRAppBar.swift */; };
		C224AD5028C554390004B11F /* BRColor.swift in Sources */ = {isa = PBXBuildFile; fileRef = C224AD4F28C554390004B11F /* BRColor.swift */; };
		C224AD5228C816580004B11F /* AlertUtil.swift in Sources */ = {isa = PBXBuildFile; fileRef = C224AD5128C816580004B11F /* AlertUtil.swift */; };
		C224AD5628C870820004B11F /* LogTableView.swift in Sources */ = {isa = PBXBuildFile; fileRef = C224AD5528C870820004B11F /* LogTableView.swift */; };
		C224AD5828C872170004B11F /* LogTableViewSection.xib in Resources */ = {isa = PBXBuildFile; fileRef = C224AD5728C872170004B11F /* LogTableViewSection.xib */; };
		C224AD5A28C8722F0004B11F /* LogTableViewCell.xib in Resources */ = {isa = PBXBuildFile; fileRef = C224AD5928C8722F0004B11F /* LogTableViewCell.xib */; };
		C224AD5C28C873BA0004B11F /* LogTableViewSection.swift in Sources */ = {isa = PBXBuildFile; fileRef = C224AD5B28C873BA0004B11F /* LogTableViewSection.swift */; };
		C224AD5E28C88E900004B11F /* LogTableViewCell.swift in Sources */ = {isa = PBXBuildFile; fileRef = C224AD5D28C88E900004B11F /* LogTableViewCell.swift */; };
		C224AD6128CB470B0004B11F /* StatusBar.swift in Sources */ = {isa = PBXBuildFile; fileRef = C224AD6028CB470B0004B11F /* StatusBar.swift */; };
		C224AD6328CBA3E40004B11F /* WebkitLogTableViewCell.xib in Resources */ = {isa = PBXBuildFile; fileRef = C224AD6228CBA3E40004B11F /* WebkitLogTableViewCell.xib */; };
		C224AD6528CBA3F70004B11F /* WebkitLogTableViewCell.swift in Sources */ = {isa = PBXBuildFile; fileRef = C224AD6428CBA3F70004B11F /* WebkitLogTableViewCell.swift */; };
		C224AD6828CC43BF0004B11F /* CardView.swift in Sources */ = {isa = PBXBuildFile; fileRef = C224AD6728CC43BF0004B11F /* CardView.swift */; };
		C224AD6C28CF641E0004B11F /* ConsoleLogTableViewCell.swift in Sources */ = {isa = PBXBuildFile; fileRef = C224AD6B28CF641E0004B11F /* ConsoleLogTableViewCell.swift */; };
		C224AD6E28CF64310004B11F /* ConsoleLogTableViewCell.xib in Resources */ = {isa = PBXBuildFile; fileRef = C224AD6D28CF64310004B11F /* ConsoleLogTableViewCell.xib */; };
		C22D0EC8269F29E900C9C748 /* HJCheckBox.swift in Sources */ = {isa = PBXBuildFile; fileRef = C22D0EC7269F29E900C9C748 /* HJCheckBox.swift */; };
		C22D0ECA26A05FEC00C9C748 /* Bookmark.storyboard in Resources */ = {isa = PBXBuildFile; fileRef = C22D0EC926A05FEC00C9C748 /* Bookmark.storyboard */; };
		C22D0ECC26A0601800C9C748 /* BookmarkViewController.swift in Sources */ = {isa = PBXBuildFile; fileRef = C22D0ECB26A0601800C9C748 /* BookmarkViewController.swift */; };
		C22D0ED326A267C800C9C748 /* BookmarkData.swift in Sources */ = {isa = PBXBuildFile; fileRef = C22D0ED226A267C800C9C748 /* BookmarkData.swift */; };
		C23D460E256D2F9300EF835C /* Launch.storyboard in Resources */ = {isa = PBXBuildFile; fileRef = C23D460D256D2F9300EF835C /* Launch.storyboard */; };
		C2443EFD24B1CDF500E5778E /* DefineCode.swift in Sources */ = {isa = PBXBuildFile; fileRef = C2443EFC24B1CDF500E5778E /* DefineCode.swift */; };
		C2443F0424B3689300E5778E /* libswiftCoreLocation.tbd in Frameworks */ = {isa = PBXBuildFile; fileRef = C2443F0224B3689300E5778E /* libswiftCoreLocation.tbd */; };
		C2443F0524B3689300E5778E /* CoreLocation.framework in Frameworks */ = {isa = PBXBuildFile; fileRef = C2443F0324B3689300E5778E /* CoreLocation.framework */; };
		C24E5ADB28A7FB52001FCDCC /* BaseViewController.swift in Sources */ = {isa = PBXBuildFile; fileRef = C24E5ADA28A7FB52001FCDCC /* BaseViewController.swift */; };
		C25487C024F0F18D00F850AC /* JsData.swift in Sources */ = {isa = PBXBuildFile; fileRef = C25487BF24F0F18D00F850AC /* JsData.swift */; };
		C27444C825582AA2002AF201 /* History.storyboard in Resources */ = {isa = PBXBuildFile; fileRef = C27444C725582AA2002AF201 /* History.storyboard */; };
		C27444CB25582ABE002AF201 /* HistoryViewController.swift in Sources */ = {isa = PBXBuildFile; fileRef = C27444CA25582ABE002AF201 /* HistoryViewController.swift */; };
		C27444D1255AB4D9002AF201 /* PreferenceUtil.swift in Sources */ = {isa = PBXBuildFile; fileRef = C27444D0255AB4D9002AF201 /* PreferenceUtil.swift */; };
		C285D074265936D800E6A12B /* ConsoleLog.storyboard in Resources */ = {isa = PBXBuildFile; fileRef = C285D073265936D800E6A12B /* ConsoleLog.storyboard */; };
		C285D0772659377900E6A12B /* ConsoleLogViewController.swift in Sources */ = {isa = PBXBuildFile; fileRef = C285D0762659377900E6A12B /* ConsoleLogViewController.swift */; };
		C285D07B2659402200E6A12B /* ConsoleLogData.swift in Sources */ = {isa = PBXBuildFile; fileRef = C285D07A2659402200E6A12B /* ConsoleLogData.swift */; };
		C285D083265FDF2B00E6A12B /* WebkitLogData.swift in Sources */ = {isa = PBXBuildFile; fileRef = C285D082265FDF2B00E6A12B /* WebkitLogData.swift */; };
		C285D08726638D2700E6A12B /* WebkitLog.storyboard in Resources */ = {isa = PBXBuildFile; fileRef = C285D08626638D2700E6A12B /* WebkitLog.storyboard */; };
		C285D08A26638DD300E6A12B /* WebkitLogViewController.swift in Sources */ = {isa = PBXBuildFile; fileRef = C285D08926638DD300E6A12B /* WebkitLogViewController.swift */; };
		C285D094266594EC00E6A12B /* HJView.swift in Sources */ = {isa = PBXBuildFile; fileRef = C285D093266594EC00E6A12B /* HJView.swift */; };
		C285D0A5266988B400E6A12B /* HJDivider.swift in Sources */ = {isa = PBXBuildFile; fileRef = C285D0A4266988B400E6A12B /* HJDivider.swift */; };
		C2939AE92624815E00CF9389 /* DefineQuery.swift in Sources */ = {isa = PBXBuildFile; fileRef = C2939AE82624815E00CF9389 /* DefineQuery.swift */; };
		C2939AED262487EC00CF9389 /* libsqlite3.0.tbd in Frameworks */ = {isa = PBXBuildFile; fileRef = C2939AEC262487D200CF9389 /* libsqlite3.0.tbd */; };
		C2939AF02624FFEC00CF9389 /* SQLite.swift in Sources */ = {isa = PBXBuildFile; fileRef = C2939AEF2624FFEC00CF9389 /* SQLite.swift */; };
		C2939AF32628F84300CF9389 /* SQLiteService.swift in Sources */ = {isa = PBXBuildFile; fileRef = C2939AF22628F84300CF9389 /* SQLiteService.swift */; };
		C2939AF62629F0D800CF9389 /* PrefUtil.swift in Sources */ = {isa = PBXBuildFile; fileRef = C2939AF52629F0D800CF9389 /* PrefUtil.swift */; };
		C2939AFB262BD36200CF9389 /* HistoryData.swift in Sources */ = {isa = PBXBuildFile; fileRef = C2939AFA262BD36200CF9389 /* HistoryData.swift */; };
		C2939AFF262CEF0400CF9389 /* DefineType.swift in Sources */ = {isa = PBXBuildFile; fileRef = C2939AFE262CEF0400CF9389 /* DefineType.swift */; };
		C29E52C7267173B100909229 /* ScriptInputDialogController.swift in Sources */ = {isa = PBXBuildFile; fileRef = C29E52C6267173B100909229 /* ScriptInputDialogController.swift */; };
		C29E52CB2676A59A00909229 /* ScriptInputDialog.storyboard in Resources */ = {isa = PBXBuildFile; fileRef = C29E52CA2676A59A00909229 /* ScriptInputDialog.storyboard */; };
		C29E52D12678E82400909229 /* HJButton.swift in Sources */ = {isa = PBXBuildFile; fileRef = C29E52D02678E82400909229 /* HJButton.swift */; };
		C29E52D3267DA93100909229 /* HJTextField.swift in Sources */ = {isa = PBXBuildFile; fileRef = C29E52D2267DA93100909229 /* HJTextField.swift */; };
		C29E52D5267DF8C600909229 /* HJTextView.swift in Sources */ = {isa = PBXBuildFile; fileRef = C29E52D4267DF8C600909229 /* HJTextView.swift */; };
		C29E52D8267EE15B00909229 /* HtmlElement.storyboard in Resources */ = {isa = PBXBuildFile; fileRef = C29E52D7267EE15B00909229 /* HtmlElement.storyboard */; };
		C29E52DA267EE17D00909229 /* HtmlElementViewController.swift in Sources */ = {isa = PBXBuildFile; fileRef = C29E52D9267EE17D00909229 /* HtmlElementViewController.swift */; };
		C2A8DE74253189E300A78EBB /* ErrorDialog.storyboard in Resources */ = {isa = PBXBuildFile; fileRef = C2A8DE73253189E300A78EBB /* ErrorDialog.storyboard */; };
		C2A8DE77253189FE00A78EBB /* ErrorDialogController.swift in Sources */ = {isa = PBXBuildFile; fileRef = C2A8DE76253189FE00A78EBB /* ErrorDialogController.swift */; };
		C2AA46532756D62600F213EB /* DefaultsUtil.swift in Sources */ = {isa = PBXBuildFile; fileRef = C2AA46522756D62600F213EB /* DefaultsUtil.swift */; };
		C2BCB25728D28BD900F1CB50 /* BRImageButton.swift in Sources */ = {isa = PBXBuildFile; fileRef = C2BCB25628D28BD900F1CB50 /* BRImageButton.swift */; };
		C2BCB25B28D3D64000F1CB50 /* CookieTableViewCell.swift in Sources */ = {isa = PBXBuildFile; fileRef = C2BCB25A28D3D64000F1CB50 /* CookieTableViewCell.swift */; };
		C2BCB25D28D3D6D000F1CB50 /* CookieTableViewCell.xib in Resources */ = {isa = PBXBuildFile; fileRef = C2BCB25C28D3D6D000F1CB50 /* CookieTableViewCell.xib */; };
		C2BCB25F28D55D8900F1CB50 /* BookmarkTableViewCell.xib in Resources */ = {isa = PBXBuildFile; fileRef = C2BCB25E28D55D8900F1CB50 /* BookmarkTableViewCell.xib */; };
		C2BCB26128D55DBD00F1CB50 /* BookmarkTableViewCell.swift in Sources */ = {isa = PBXBuildFile; fileRef = C2BCB26028D55DBD00F1CB50 /* BookmarkTableViewCell.swift */; };
		C2BCB26328E7E08F00F1CB50 /* www in Resources */ = {isa = PBXBuildFile; fileRef = C2BCB26228E7E08F00F1CB50 /* www */; };
		C2DB7AB4256967D8002A5897 /* Index.storyboard in Resources */ = {isa = PBXBuildFile; fileRef = C2DB7AB3256967D8002A5897 /* Index.storyboard */; };
		C2DB7AB7256967F6002A5897 /* IndexViewController.swift in Sources */ = {isa = PBXBuildFile; fileRef = C2DB7AB6256967F6002A5897 /* IndexViewController.swift */; };
		C2F43CE924E030E3001CAE44 /* Cookie.storyboard in Resources */ = {isa = PBXBuildFile; fileRef = C2F43CE824E030E3001CAE44 /* Cookie.storyboard */; };
		C2F43CEB24E03102001CAE44 /* CookieViewController.swift in Sources */ = {isa = PBXBuildFile; fileRef = C2F43CEA24E03102001CAE44 /* CookieViewController.swift */; };
		C2FECC28242F0A0800FD1878 /* LogUtil.swift in Sources */ = {isa = PBXBuildFile; fileRef = C2FECC27242F0A0800FD1878 /* LogUtil.swift */; };
		C2FECC2A242F0A6600FD1878 /* StringExt.swift in Sources */ = {isa = PBXBuildFile; fileRef = C2FECC29242F0A6600FD1878 /* StringExt.swift */; };
		C2FECC2D242F4B3900FD1878 /* CustomUI.swift in Sources */ = {isa = PBXBuildFile; fileRef = C2FECC2C242F4B3900FD1878 /* CustomUI.swift */; };
		C2FECC2F242F4C2000FD1878 /* Util.swift in Sources */ = {isa = PBXBuildFile; fileRef = C2FECC2E242F4C2000FD1878 /* Util.swift */; };
		C2FECC31242F4D1500FD1878 /* AppConfig.swift in Sources */ = {isa = PBXBuildFile; fileRef = C2FECC30242F4D1500FD1878 /* AppConfig.swift */; };
/* End PBXBuildFile section */

/* Begin PBXContainerItemProxy section */
		C21B8446242715D200A1C057 /* PBXContainerItemProxy */ = {
			isa = PBXContainerItemProxy;
			containerPortal = C21B8427242715CA00A1C057 /* Project object */;
			proxyType = 1;
			remoteGlobalIDString = C21B842E242715CA00A1C057;
			remoteInfo = Browser;
		};
/* End PBXContainerItemProxy section */

/* Begin PBXCopyFilesBuildPhase section */
		C2F4FABA2445912100D37FF9 /* Embed Frameworks */ = {
			isa = PBXCopyFilesBuildPhase;
			buildActionMask = 2147483647;
			dstPath = "";
			dstSubfolderSpec = 10;
			files = (
			);
			name = "Embed Frameworks";
			runOnlyForDeploymentPostprocessing = 0;
		};
/* End PBXCopyFilesBuildPhase section */

/* Begin PBXFileReference section */
		C21B842F242715CA00A1C057 /* Browser.app */ = {isa = PBXFileReference; explicitFileType = wrapper.application; includeInIndex = 0; path = Browser.app; sourceTree = BUILT_PRODUCTS_DIR; };
		C21B8432242715CA00A1C057 /* AppDelegate.swift */ = {isa = PBXFileReference; lastKnownFileType = sourcecode.swift; path = AppDelegate.swift; sourceTree = "<group>"; };
		C21B843B242715D200A1C057 /* Assets.xcassets */ = {isa = PBXFileReference; lastKnownFileType = folder.assetcatalog; path = Assets.xcassets; sourceTree = "<group>"; };
		C21B8440242715D200A1C057 /* Info.plist */ = {isa = PBXFileReference; lastKnownFileType = text.plist.xml; path = Info.plist; sourceTree = "<group>"; };
		C21B8445242715D200A1C057 /* BrowserTests.xctest */ = {isa = PBXFileReference; explicitFileType = wrapper.cfbundle; includeInIndex = 0; path = BrowserTests.xctest; sourceTree = BUILT_PRODUCTS_DIR; };
		C21B845524279F5100A1C057 /* Main.storyboard */ = {isa = PBXFileReference; lastKnownFileType = file.storyboard; path = Main.storyboard; sourceTree = "<group>"; };
		C21B845724279F6A00A1C057 /* MainViewController.swift */ = {isa = PBXFileReference; lastKnownFileType = sourcecode.swift; path = MainViewController.swift; sourceTree = "<group>"; };
		C21B845A242A414C00A1C057 /* JsBridge.swift */ = {isa = PBXFileReference; lastKnownFileType = sourcecode.swift; path = JsBridge.swift; sourceTree = "<group>"; };
		C224AC9028B271E30004B11F /* SiteTableCell.swift */ = {isa = PBXFileReference; lastKnownFileType = sourcecode.swift; path = SiteTableCell.swift; sourceTree = "<group>"; };
		C224AD3C28C3C9930004B11F /* BottomSheetController.swift */ = {isa = PBXFileReference; fileEncoding = 4; lastKnownFileType = sourcecode.swift; path = BottomSheetController.swift; sourceTree = "<group>"; };
		C224AD3E28C3CFD00004B11F /* MenuBottomSheetController.swift */ = {isa = PBXFileReference; lastKnownFileType = sourcecode.swift; path = MenuBottomSheetController.swift; sourceTree = "<group>"; };
		C224AD4028C3CFFF0004B11F /* MenuBottomSheetController.storyboard */ = {isa = PBXFileReference; lastKnownFileType = file.storyboard; path = MenuBottomSheetController.storyboard; sourceTree = "<group>"; };
		C224AD4228C3D6290004B11F /* MenuBottomSheetTableCell.swift */ = {isa = PBXFileReference; lastKnownFileType = sourcecode.swift; path = MenuBottomSheetTableCell.swift; sourceTree = "<group>"; };
		C224AD4428C43F7D0004B11F /* HJTableView.swift */ = {isa = PBXFileReference; lastKnownFileType = sourcecode.swift; path = HJTableView.swift; sourceTree = "<group>"; };
		C224AD4A28C551DF0004B11F /* BRAppBar.xib */ = {isa = PBXFileReference; lastKnownFileType = file.xib; path = BRAppBar.xib; sourceTree = "<group>"; };
		C224AD4C28C552C50004B11F /* BRAppBar.swift */ = {isa = PBXFileReference; lastKnownFileType = sourcecode.swift; path = BRAppBar.swift; sourceTree = "<group>"; };
		C224AD4F28C554390004B11F /* BRColor.swift */ = {isa = PBXFileReference; lastKnownFileType = sourcecode.swift; path = BRColor.swift; sourceTree = "<group>"; };
		C224AD5128C816580004B11F /* AlertUtil.swift */ = {isa = PBXFileReference; lastKnownFileType = sourcecode.swift; path = AlertUtil.swift; sourceTree = "<group>"; };
		C224AD5528C870820004B11F /* LogTableView.swift */ = {isa = PBXFileReference; lastKnownFileType = sourcecode.swift; path = LogTableView.swift; sourceTree = "<group>"; };
		C224AD5728C872170004B11F /* LogTableViewSection.xib */ = {isa = PBXFileReference; lastKnownFileType = file.xib; path = LogTableViewSection.xib; sourceTree = "<group>"; };
		C224AD5928C8722F0004B11F /* LogTableViewCell.xib */ = {isa = PBXFileReference; lastKnownFileType = file.xib; path = LogTableViewCell.xib; sourceTree = "<group>"; };
		C224AD5B28C873BA0004B11F /* LogTableViewSection.swift */ = {isa = PBXFileReference; lastKnownFileType = sourcecode.swift; path = LogTableViewSection.swift; sourceTree = "<group>"; };
		C224AD5D28C88E900004B11F /* LogTableViewCell.swift */ = {isa = PBXFileReference; lastKnownFileType = sourcecode.swift; path = LogTableViewCell.swift; sourceTree = "<group>"; };
		C224AD6028CB470B0004B11F /* StatusBar.swift */ = {isa = PBXFileReference; lastKnownFileType = sourcecode.swift; path = StatusBar.swift; sourceTree = "<group>"; };
		C224AD6228CBA3E40004B11F /* WebkitLogTableViewCell.xib */ = {isa = PBXFileReference; lastKnownFileType = file.xib; path = WebkitLogTableViewCell.xib; sourceTree = "<group>"; };
		C224AD6428CBA3F70004B11F /* WebkitLogTableViewCell.swift */ = {isa = PBXFileReference; lastKnownFileType = sourcecode.swift; path = WebkitLogTableViewCell.swift; sourceTree = "<group>"; };
		C224AD6728CC43BF0004B11F /* CardView.swift */ = {isa = PBXFileReference; lastKnownFileType = sourcecode.swift; path = CardView.swift; sourceTree = "<group>"; };
		C224AD6B28CF641E0004B11F /* ConsoleLogTableViewCell.swift */ = {isa = PBXFileReference; lastKnownFileType = sourcecode.swift; path = ConsoleLogTableViewCell.swift; sourceTree = "<group>"; };
		C224AD6D28CF64310004B11F /* ConsoleLogTableViewCell.xib */ = {isa = PBXFileReference; lastKnownFileType = file.xib; path = ConsoleLogTableViewCell.xib; sourceTree = "<group>"; };
		C22D0EC7269F29E900C9C748 /* HJCheckBox.swift */ = {isa = PBXFileReference; lastKnownFileType = sourcecode.swift; path = HJCheckBox.swift; sourceTree = "<group>"; };
		C22D0EC926A05FEC00C9C748 /* Bookmark.storyboard */ = {isa = PBXFileReference; lastKnownFileType = file.storyboard; path = Bookmark.storyboard; sourceTree = "<group>"; };
		C22D0ECB26A0601800C9C748 /* BookmarkViewController.swift */ = {isa = PBXFileReference; lastKnownFileType = sourcecode.swift; path = BookmarkViewController.swift; sourceTree = "<group>"; };
		C22D0ED226A267C800C9C748 /* BookmarkData.swift */ = {isa = PBXFileReference; lastKnownFileType = sourcecode.swift; path = BookmarkData.swift; sourceTree = "<group>"; };
		C23D460D256D2F9300EF835C /* Launch.storyboard */ = {isa = PBXFileReference; lastKnownFileType = file.storyboard; path = Launch.storyboard; sourceTree = "<group>"; };
		C2443EFC24B1CDF500E5778E /* DefineCode.swift */ = {isa = PBXFileReference; lastKnownFileType = sourcecode.swift; path = DefineCode.swift; sourceTree = "<group>"; };
		C2443EFE24B35AD300E5778E /* Browser.entitlements */ = {isa = PBXFileReference; lastKnownFileType = text.plist.entitlements; path = Browser.entitlements; sourceTree = "<group>"; };
		C2443F0024B35AD300E5778E /* HomeKit.framework */ = {isa = PBXFileReference; lastKnownFileType = wrapper.framework; name = HomeKit.framework; path = System/Library/Frameworks/HomeKit.framework; sourceTree = SDKROOT; };
		C2443F0224B3689300E5778E /* libswiftCoreLocation.tbd */ = {isa = PBXFileReference; lastKnownFileType = "sourcecode.text-based-dylib-definition"; name = libswiftCoreLocation.tbd; path = usr/lib/swift/libswiftCoreLocation.tbd; sourceTree = SDKROOT; };
		C2443F0324B3689300E5778E /* CoreLocation.framework */ = {isa = PBXFileReference; lastKnownFileType = wrapper.framework; name = CoreLocation.framework; path = System/Library/Frameworks/CoreLocation.framework; sourceTree = SDKROOT; };
		C24E5ADA28A7FB52001FCDCC /* BaseViewController.swift */ = {isa = PBXFileReference; lastKnownFileType = sourcecode.swift; path = BaseViewController.swift; sourceTree = "<group>"; };
		C25487BF24F0F18D00F850AC /* JsData.swift */ = {isa = PBXFileReference; lastKnownFileType = sourcecode.swift; path = JsData.swift; sourceTree = "<group>"; };
		C27444C725582AA2002AF201 /* History.storyboard */ = {isa = PBXFileReference; lastKnownFileType = file.storyboard; path = History.storyboard; sourceTree = "<group>"; };
		C27444CA25582ABE002AF201 /* HistoryViewController.swift */ = {isa = PBXFileReference; lastKnownFileType = sourcecode.swift; path = HistoryViewController.swift; sourceTree = "<group>"; };
		C27444D0255AB4D9002AF201 /* PreferenceUtil.swift */ = {isa = PBXFileReference; lastKnownFileType = sourcecode.swift; path = PreferenceUtil.swift; sourceTree = "<group>"; };
		C285D073265936D800E6A12B /* ConsoleLog.storyboard */ = {isa = PBXFileReference; lastKnownFileType = file.storyboard; path = ConsoleLog.storyboard; sourceTree = "<group>"; };
		C285D0762659377900E6A12B /* ConsoleLogViewController.swift */ = {isa = PBXFileReference; lastKnownFileType = sourcecode.swift; path = ConsoleLogViewController.swift; sourceTree = "<group>"; };
		C285D07A2659402200E6A12B /* ConsoleLogData.swift */ = {isa = PBXFileReference; lastKnownFileType = sourcecode.swift; path = ConsoleLogData.swift; sourceTree = "<group>"; };
		C285D082265FDF2B00E6A12B /* WebkitLogData.swift */ = {isa = PBXFileReference; lastKnownFileType = sourcecode.swift; path = WebkitLogData.swift; sourceTree = "<group>"; };
		C285D08626638D2700E6A12B /* WebkitLog.storyboard */ = {isa = PBXFileReference; lastKnownFileType = file.storyboard; path = WebkitLog.storyboard; sourceTree = "<group>"; };
		C285D08926638DD300E6A12B /* WebkitLogViewController.swift */ = {isa = PBXFileReference; lastKnownFileType = sourcecode.swift; path = WebkitLogViewController.swift; sourceTree = "<group>"; };
		C285D093266594EC00E6A12B /* HJView.swift */ = {isa = PBXFileReference; lastKnownFileType = sourcecode.swift; path = HJView.swift; sourceTree = "<group>"; };
		C285D0A4266988B400E6A12B /* HJDivider.swift */ = {isa = PBXFileReference; lastKnownFileType = sourcecode.swift; path = HJDivider.swift; sourceTree = "<group>"; };
		C2939AE82624815E00CF9389 /* DefineQuery.swift */ = {isa = PBXFileReference; lastKnownFileType = sourcecode.swift; path = DefineQuery.swift; sourceTree = "<group>"; };
		C2939AEC262487D200CF9389 /* libsqlite3.0.tbd */ = {isa = PBXFileReference; lastKnownFileType = "sourcecode.text-based-dylib-definition"; name = libsqlite3.0.tbd; path = usr/lib/libsqlite3.0.tbd; sourceTree = SDKROOT; };
		C2939AEF2624FFEC00CF9389 /* SQLite.swift */ = {isa = PBXFileReference; lastKnownFileType = sourcecode.swift; path = SQLite.swift; sourceTree = "<group>"; };
		C2939AF22628F84300CF9389 /* SQLiteService.swift */ = {isa = PBXFileReference; lastKnownFileType = sourcecode.swift; path = SQLiteService.swift; sourceTree = "<group>"; };
		C2939AF52629F0D800CF9389 /* PrefUtil.swift */ = {isa = PBXFileReference; lastKnownFileType = sourcecode.swift; path = PrefUtil.swift; sourceTree = "<group>"; };
		C2939AFA262BD36200CF9389 /* HistoryData.swift */ = {isa = PBXFileReference; lastKnownFileType = sourcecode.swift; path = HistoryData.swift; sourceTree = "<group>"; };
		C2939AFE262CEF0400CF9389 /* DefineType.swift */ = {isa = PBXFileReference; lastKnownFileType = sourcecode.swift; path = DefineType.swift; sourceTree = "<group>"; };
		C29E52C6267173B100909229 /* ScriptInputDialogController.swift */ = {isa = PBXFileReference; lastKnownFileType = sourcecode.swift; path = ScriptInputDialogController.swift; sourceTree = "<group>"; };
		C29E52CA2676A59A00909229 /* ScriptInputDialog.storyboard */ = {isa = PBXFileReference; lastKnownFileType = file.storyboard; path = ScriptInputDialog.storyboard; sourceTree = "<group>"; };
		C29E52D02678E82400909229 /* HJButton.swift */ = {isa = PBXFileReference; lastKnownFileType = sourcecode.swift; path = HJButton.swift; sourceTree = "<group>"; };
		C29E52D2267DA93100909229 /* HJTextField.swift */ = {isa = PBXFileReference; lastKnownFileType = sourcecode.swift; path = HJTextField.swift; sourceTree = "<group>"; };
		C29E52D4267DF8C600909229 /* HJTextView.swift */ = {isa = PBXFileReference; lastKnownFileType = sourcecode.swift; path = HJTextView.swift; sourceTree = "<group>"; };
		C29E52D7267EE15B00909229 /* HtmlElement.storyboard */ = {isa = PBXFileReference; lastKnownFileType = file.storyboard; path = HtmlElement.storyboard; sourceTree = "<group>"; };
		C29E52D9267EE17D00909229 /* HtmlElementViewController.swift */ = {isa = PBXFileReference; lastKnownFileType = sourcecode.swift; path = HtmlElementViewController.swift; sourceTree = "<group>"; };
		C2A8DE73253189E300A78EBB /* ErrorDialog.storyboard */ = {isa = PBXFileReference; lastKnownFileType = file.storyboard; path = ErrorDialog.storyboard; sourceTree = "<group>"; };
		C2A8DE76253189FE00A78EBB /* ErrorDialogController.swift */ = {isa = PBXFileReference; lastKnownFileType = sourcecode.swift; path = ErrorDialogController.swift; sourceTree = "<group>"; };
		C2AA46522756D62600F213EB /* DefaultsUtil.swift */ = {isa = PBXFileReference; lastKnownFileType = sourcecode.swift; path = DefaultsUtil.swift; sourceTree = "<group>"; };
		C2BCB25628D28BD900F1CB50 /* BRImageButton.swift */ = {isa = PBXFileReference; lastKnownFileType = sourcecode.swift; path = BRImageButton.swift; sourceTree = "<group>"; };
		C2BCB25A28D3D64000F1CB50 /* CookieTableViewCell.swift */ = {isa = PBXFileReference; lastKnownFileType = sourcecode.swift; path = CookieTableViewCell.swift; sourceTree = "<group>"; };
		C2BCB25C28D3D6D000F1CB50 /* CookieTableViewCell.xib */ = {isa = PBXFileReference; lastKnownFileType = file.xib; path = CookieTableViewCell.xib; sourceTree = "<group>"; };
		C2BCB25E28D55D8900F1CB50 /* BookmarkTableViewCell.xib */ = {isa = PBXFileReference; lastKnownFileType = file.xib; path = BookmarkTableViewCell.xib; sourceTree = "<group>"; };
		C2BCB26028D55DBD00F1CB50 /* BookmarkTableViewCell.swift */ = {isa = PBXFileReference; lastKnownFileType = sourcecode.swift; path = BookmarkTableViewCell.swift; sourceTree = "<group>"; };
		C2BCB26228E7E08F00F1CB50 /* www */ = {isa = PBXFileReference; lastKnownFileType = folder; path = www; sourceTree = "<group>"; };
		C2DB7AB3256967D8002A5897 /* Index.storyboard */ = {isa = PBXFileReference; lastKnownFileType = file.storyboard; path = Index.storyboard; sourceTree = "<group>"; };
		C2DB7AB6256967F6002A5897 /* IndexViewController.swift */ = {isa = PBXFileReference; lastKnownFileType = sourcecode.swift; path = IndexViewController.swift; sourceTree = "<group>"; };
		C2F43CE824E030E3001CAE44 /* Cookie.storyboard */ = {isa = PBXFileReference; lastKnownFileType = file.storyboard; path = Cookie.storyboard; sourceTree = "<group>"; };
		C2F43CEA24E03102001CAE44 /* CookieViewController.swift */ = {isa = PBXFileReference; lastKnownFileType = sourcecode.swift; path = CookieViewController.swift; sourceTree = "<group>"; };
		C2FECC27242F0A0800FD1878 /* LogUtil.swift */ = {isa = PBXFileReference; lastKnownFileType = sourcecode.swift; path = LogUtil.swift; sourceTree = "<group>"; };
		C2FECC29242F0A6600FD1878 /* StringExt.swift */ = {isa = PBXFileReference; lastKnownFileType = sourcecode.swift; path = StringExt.swift; sourceTree = "<group>"; };
		C2FECC2C242F4B3900FD1878 /* CustomUI.swift */ = {isa = PBXFileReference; lastKnownFileType = sourcecode.swift; path = CustomUI.swift; sourceTree = "<group>"; };
		C2FECC2E242F4C2000FD1878 /* Util.swift */ = {isa = PBXFileReference; lastKnownFileType = sourcecode.swift; path = Util.swift; sourceTree = "<group>"; };
		C2FECC30242F4D1500FD1878 /* AppConfig.swift */ = {isa = PBXFileReference; lastKnownFileType = sourcecode.swift; path = AppConfig.swift; sourceTree = "<group>"; };
/* End PBXFileReference section */

/* Begin PBXFrameworksBuildPhase section */
		C21B842C242715CA00A1C057 /* Frameworks */ = {
			isa = PBXFrameworksBuildPhase;
			buildActionMask = 2147483647;
			files = (
				C2443F0424B3689300E5778E /* libswiftCoreLocation.tbd in Frameworks */,
				C2443F0524B3689300E5778E /* CoreLocation.framework in Frameworks */,
				C2939AED262487EC00CF9389 /* libsqlite3.0.tbd in Frameworks */,
			);
			runOnlyForDeploymentPostprocessing = 0;
		};
		C21B8442242715D200A1C057 /* Frameworks */ = {
			isa = PBXFrameworksBuildPhase;
			buildActionMask = 2147483647;
			files = (
			);
			runOnlyForDeploymentPostprocessing = 0;
		};
/* End PBXFrameworksBuildPhase section */

/* Begin PBXGroup section */
		C21B8426242715CA00A1C057 = {
			isa = PBXGroup;
			children = (
				C21B8431242715CA00A1C057 /* Browser */,
				C21B8430242715CA00A1C057 /* Products */,
				C2443EFF24B35AD300E5778E /* Frameworks */,
			);
			sourceTree = "<group>";
		};
		C21B8430242715CA00A1C057 /* Products */ = {
			isa = PBXGroup;
			children = (
				C21B842F242715CA00A1C057 /* Browser.app */,
				C21B8445242715D200A1C057 /* BrowserTests.xctest */,
			);
			name = Products;
			sourceTree = "<group>";
		};
		C21B8431242715CA00A1C057 /* Browser */ = {
			isa = PBXGroup;
			children = (
				C2939AF8262BD2EE00CF9389 /* Controller */,
				C2939AE72624813300CF9389 /* DB */,
				C285D0922665205200E6A12B /* UI */,
				C224AD4E28C5541F0004B11F /* Util */,
				C2FECC23242E39EF00FD1878 /* Common */,
				C21B8459242A413800A1C057 /* Webkit */,
				C25487BB24E97D2400F850AC /* Resources */,
				C2443EFE24B35AD300E5778E /* Browser.entitlements */,
				C21B8432242715CA00A1C057 /* AppDelegate.swift */,
				C21B843B242715D200A1C057 /* Assets.xcassets */,
				C21B8440242715D200A1C057 /* Info.plist */,
				C23D460D256D2F9300EF835C /* Launch.storyboard */,
			);
			path = Browser;
			sourceTree = "<group>";
		};
		C21B845424279F1C00A1C057 /* Main */ = {
			isa = PBXGroup;
			children = (
				C29E52C0267170C900909229 /* popup */,
				C21B845524279F5100A1C057 /* Main.storyboard */,
				C21B845724279F6A00A1C057 /* MainViewController.swift */,
				C224AC9028B271E30004B11F /* SiteTableCell.swift */,
			);
			path = Main;
			sourceTree = "<group>";
		};
		C21B8459242A413800A1C057 /* Webkit */ = {
			isa = PBXGroup;
			children = (
				C21B845A242A414C00A1C057 /* JsBridge.swift */,
				C25487BF24F0F18D00F850AC /* JsData.swift */,
				C2A8DE73253189E300A78EBB /* ErrorDialog.storyboard */,
				C2A8DE76253189FE00A78EBB /* ErrorDialogController.swift */,
			);
			path = Webkit;
			sourceTree = "<group>";
		};
		C224AD3B28C3C97E0004B11F /* _bottomSheet */ = {
			isa = PBXGroup;
			children = (
				C224AD3C28C3C9930004B11F /* BottomSheetController.swift */,
				C224AD3E28C3CFD00004B11F /* MenuBottomSheetController.swift */,
				C224AD4028C3CFFF0004B11F /* MenuBottomSheetController.storyboard */,
				C224AD4228C3D6290004B11F /* MenuBottomSheetTableCell.swift */,
			);
			path = _bottomSheet;
			sourceTree = "<group>";
		};
		C224AD4628C550F40004B11F /* _appBar */ = {
			isa = PBXGroup;
			children = (
				C224AD4A28C551DF0004B11F /* BRAppBar.xib */,
				C224AD4C28C552C50004B11F /* BRAppBar.swift */,
			);
			path = _appBar;
			sourceTree = "<group>";
		};
		C224AD4E28C5541F0004B11F /* Util */ = {
			isa = PBXGroup;
			children = (
				C2FECC27242F0A0800FD1878 /* LogUtil.swift */,
				C2FECC29242F0A6600FD1878 /* StringExt.swift */,
				C2FECC2E242F4C2000FD1878 /* Util.swift */,
				C27444D0255AB4D9002AF201 /* PreferenceUtil.swift */,
				C2939AF52629F0D800CF9389 /* PrefUtil.swift */,
				C2AA46522756D62600F213EB /* DefaultsUtil.swift */,
				C224AD5128C816580004B11F /* AlertUtil.swift */,
			);
			path = Util;
			sourceTree = "<group>";
		};
		C224AD5428C86F980004B11F /* _logTableView */ = {
			isa = PBXGroup;
			children = (
				C224AD5528C870820004B11F /* LogTableView.swift */,
				C224AD5728C872170004B11F /* LogTableViewSection.xib */,
				C224AD5B28C873BA0004B11F /* LogTableViewSection.swift */,
				C224AD5928C8722F0004B11F /* LogTableViewCell.xib */,
				C224AD5D28C88E900004B11F /* LogTableViewCell.swift */,
				C224AD6228CBA3E40004B11F /* WebkitLogTableViewCell.xib */,
				C224AD6428CBA3F70004B11F /* WebkitLogTableViewCell.swift */,
				C224AD6D28CF64310004B11F /* ConsoleLogTableViewCell.xib */,
				C224AD6B28CF641E0004B11F /* ConsoleLogTableViewCell.swift */,
				C2BCB25C28D3D6D000F1CB50 /* CookieTableViewCell.xib */,
				C2BCB25A28D3D64000F1CB50 /* CookieTableViewCell.swift */,
				C2BCB25E28D55D8900F1CB50 /* BookmarkTableViewCell.xib */,
				C2BCB26028D55DBD00F1CB50 /* BookmarkTableViewCell.swift */,
			);
			path = _logTableView;
			sourceTree = "<group>";
		};
		C224AD5F28CB46E60004B11F /* _statusBar */ = {
			isa = PBXGroup;
			children = (
				C224AD6028CB470B0004B11F /* StatusBar.swift */,
			);
			path = _statusBar;
			sourceTree = "<group>";
		};
		C224AD6628CC3B2E0004B11F /* _card */ = {
			isa = PBXGroup;
			children = (
				C224AD6728CC43BF0004B11F /* CardView.swift */,
			);
			path = _card;
			sourceTree = "<group>";
		};
		C22D0EC4269E935600C9C748 /* Bookmark */ = {
			isa = PBXGroup;
			children = (
				C22D0ED126A2679400C9C748 /* _data */,
				C22D0EC926A05FEC00C9C748 /* Bookmark.storyboard */,
				C22D0ECB26A0601800C9C748 /* BookmarkViewController.swift */,
			);
			path = Bookmark;
			sourceTree = "<group>";
		};
		C22D0ED126A2679400C9C748 /* _data */ = {
			isa = PBXGroup;
			children = (
				C22D0ED226A267C800C9C748 /* BookmarkData.swift */,
			);
			path = _data;
			sourceTree = "<group>";
		};
		C2443EFF24B35AD300E5778E /* Frameworks */ = {
			isa = PBXGroup;
			children = (
				C2939AEC262487D200CF9389 /* libsqlite3.0.tbd */,
				C2443F0324B3689300E5778E /* CoreLocation.framework */,
				C2443F0224B3689300E5778E /* libswiftCoreLocation.tbd */,
				C2443F0024B35AD300E5778E /* HomeKit.framework */,
			);
			name = Frameworks;
			sourceTree = "<group>";
		};
		C25487BB24E97D2400F850AC /* Resources */ = {
			isa = PBXGroup;
			children = (
				C2BCB26228E7E08F00F1CB50 /* www */,
			);
			path = Resources;
			sourceTree = "<group>";
		};
		C27444C5255828BB002AF201 /* History */ = {
			isa = PBXGroup;
			children = (
				C2939AF9262BD34700CF9389 /* _data */,
				C27444C725582AA2002AF201 /* History.storyboard */,
				C27444CA25582ABE002AF201 /* HistoryViewController.swift */,
			);
			path = History;
			sourceTree = "<group>";
		};
		C285D0712658A66B00E6A12B /* ConsoleLog */ = {
			isa = PBXGroup;
			children = (
				C285D07926593F7B00E6A12B /* _data */,
				C285D073265936D800E6A12B /* ConsoleLog.storyboard */,
				C285D0762659377900E6A12B /* ConsoleLogViewController.swift */,
			);
			path = ConsoleLog;
			sourceTree = "<group>";
		};
		C285D07926593F7B00E6A12B /* _data */ = {
			isa = PBXGroup;
			children = (
				C285D07A2659402200E6A12B /* ConsoleLogData.swift */,
			);
			path = _data;
			sourceTree = "<group>";
		};
		C285D080265FD93000E6A12B /* WebkitLog */ = {
			isa = PBXGroup;
			children = (
				C285D081265FDF0100E6A12B /* _data */,
				C285D08626638D2700E6A12B /* WebkitLog.storyboard */,
				C285D08926638DD300E6A12B /* WebkitLogViewController.swift */,
			);
			path = WebkitLog;
			sourceTree = "<group>";
		};
		C285D081265FDF0100E6A12B /* _data */ = {
			isa = PBXGroup;
			children = (
				C285D082265FDF2B00E6A12B /* WebkitLogData.swift */,
			);
			path = _data;
			sourceTree = "<group>";
		};
		C285D0922665205200E6A12B /* UI */ = {
			isa = PBXGroup;
			children = (
				C2BCB25528D28BCB00F1CB50 /* _button */,
				C224AD6628CC3B2E0004B11F /* _card */,
				C224AD5F28CB46E60004B11F /* _statusBar */,
				C224AD5428C86F980004B11F /* _logTableView */,
				C224AD3B28C3C97E0004B11F /* _bottomSheet */,
				C224AD4628C550F40004B11F /* _appBar */,
				C285D093266594EC00E6A12B /* HJView.swift */,
				C285D0A4266988B400E6A12B /* HJDivider.swift */,
				C29E52D02678E82400909229 /* HJButton.swift */,
				C29E52D2267DA93100909229 /* HJTextField.swift */,
				C29E52D4267DF8C600909229 /* HJTextView.swift */,
				C22D0EC7269F29E900C9C748 /* HJCheckBox.swift */,
				C224AD4428C43F7D0004B11F /* HJTableView.swift */,
			);
			path = UI;
			sourceTree = "<group>";
		};
		C2939AE72624813300CF9389 /* DB */ = {
			isa = PBXGroup;
			children = (
				C2939AEF2624FFEC00CF9389 /* SQLite.swift */,
				C2939AF22628F84300CF9389 /* SQLiteService.swift */,
			);
			path = DB;
			sourceTree = "<group>";
		};
		C2939AF8262BD2EE00CF9389 /* Controller */ = {
			isa = PBXGroup;
			children = (
				C2DB7AB22569678D002A5897 /* Index */,
				C2F43CE724E030C6001CAE44 /* Cookie */,
				C21B845424279F1C00A1C057 /* Main */,
				C22D0EC4269E935600C9C748 /* Bookmark */,
				C29E52D6267EE02500909229 /* HtmlElement */,
				C285D080265FD93000E6A12B /* WebkitLog */,
				C285D0712658A66B00E6A12B /* ConsoleLog */,
				C27444C5255828BB002AF201 /* History */,
				C24E5ADA28A7FB52001FCDCC /* BaseViewController.swift */,
			);
			path = Controller;
			sourceTree = "<group>";
		};
		C2939AF9262BD34700CF9389 /* _data */ = {
			isa = PBXGroup;
			children = (
				C2939AFA262BD36200CF9389 /* HistoryData.swift */,
			);
			path = _data;
			sourceTree = "<group>";
		};
		C29E52C0267170C900909229 /* popup */ = {
			isa = PBXGroup;
			children = (
				C29E52C6267173B100909229 /* ScriptInputDialogController.swift */,
				C29E52CA2676A59A00909229 /* ScriptInputDialog.storyboard */,
			);
			path = popup;
			sourceTree = "<group>";
		};
		C29E52D6267EE02500909229 /* HtmlElement */ = {
			isa = PBXGroup;
			children = (
				C29E52D7267EE15B00909229 /* HtmlElement.storyboard */,
				C29E52D9267EE17D00909229 /* HtmlElementViewController.swift */,
			);
			path = HtmlElement;
			sourceTree = "<group>";
		};
		C2BCB25528D28BCB00F1CB50 /* _button */ = {
			isa = PBXGroup;
			children = (
				C2BCB25628D28BD900F1CB50 /* BRImageButton.swift */,
			);
			path = _button;
			sourceTree = "<group>";
		};
		C2DB7AB22569678D002A5897 /* Index */ = {
			isa = PBXGroup;
			children = (
				C2DB7AB3256967D8002A5897 /* Index.storyboard */,
				C2DB7AB6256967F6002A5897 /* IndexViewController.swift */,
			);
			path = Index;
			sourceTree = "<group>";
		};
		C2F43CE724E030C6001CAE44 /* Cookie */ = {
			isa = PBXGroup;
			children = (
				C2F43CE824E030E3001CAE44 /* Cookie.storyboard */,
				C2F43CEA24E03102001CAE44 /* CookieViewController.swift */,
			);
			path = Cookie;
			sourceTree = "<group>";
		};
		C2FECC23242E39EF00FD1878 /* Common */ = {
			isa = PBXGroup;
			children = (
				C2FECC2B242F4B2000FD1878 /* Widget */,
				C2443EFC24B1CDF500E5778E /* DefineCode.swift */,
				C2939AE82624815E00CF9389 /* DefineQuery.swift */,
				C2939AFE262CEF0400CF9389 /* DefineType.swift */,
				C224AD4F28C554390004B11F /* BRColor.swift */,
				C2FECC30242F4D1500FD1878 /* AppConfig.swift */,
			);
			path = Common;
			sourceTree = "<group>";
		};
		C2FECC2B242F4B2000FD1878 /* Widget */ = {
			isa = PBXGroup;
			children = (
				C2FECC2C242F4B3900FD1878 /* CustomUI.swift */,
			);
			path = Widget;
			sourceTree = "<group>";
		};
/* End PBXGroup section */

/* Begin PBXNativeTarget section */
		C21B842E242715CA00A1C057 /* Browser */ = {
			isa = PBXNativeTarget;
			buildConfigurationList = C21B844E242715D200A1C057 /* Build configuration list for PBXNativeTarget "Browser" */;
			buildPhases = (
				C21B842B242715CA00A1C057 /* Sources */,
				C21B842C242715CA00A1C057 /* Frameworks */,
				C21B842D242715CA00A1C057 /* Resources */,
				C2F4FABA2445912100D37FF9 /* Embed Frameworks */,
			);
			buildRules = (
			);
			dependencies = (
			);
			name = Browser;
			productName = Browser;
			productReference = C21B842F242715CA00A1C057 /* Browser.app */;
			productType = "com.apple.product-type.application";
		};
		C21B8444242715D200A1C057 /* BrowserTests */ = {
			isa = PBXNativeTarget;
			buildConfigurationList = C21B8451242715D200A1C057 /* Build configuration list for PBXNativeTarget "BrowserTests" */;
			buildPhases = (
				C21B8441242715D200A1C057 /* Sources */,
				C21B8442242715D200A1C057 /* Frameworks */,
				C21B8443242715D200A1C057 /* Resources */,
			);
			buildRules = (
			);
			dependencies = (
				C21B8447242715D200A1C057 /* PBXTargetDependency */,
			);
			name = BrowserTests;
			productName = BrowserTests;
			productReference = C21B8445242715D200A1C057 /* BrowserTests.xctest */;
			productType = "com.apple.product-type.bundle.unit-test";
		};
/* End PBXNativeTarget section */

/* Begin PBXProject section */
		C21B8427242715CA00A1C057 /* Project object */ = {
			isa = PBXProject;
			attributes = {
				LastSwiftUpdateCheck = 1130;
				LastUpgradeCheck = 1130;
				ORGANIZATIONNAME = "권혁준";
				TargetAttributes = {
					C21B842E242715CA00A1C057 = {
						CreatedOnToolsVersion = 11.3.1;
					};
					C21B8444242715D200A1C057 = {
						CreatedOnToolsVersion = 11.3.1;
						TestTargetID = C21B842E242715CA00A1C057;
					};
				};
			};
			buildConfigurationList = C21B842A242715CA00A1C057 /* Build configuration list for PBXProject "Browser" */;
			compatibilityVersion = "Xcode 9.3";
			developmentRegion = en;
			hasScannedForEncodings = 0;
			knownRegions = (
				en,
				Base,
			);
			mainGroup = C21B8426242715CA00A1C057;
			productRefGroup = C21B8430242715CA00A1C057 /* Products */;
			projectDirPath = "";
			projectRoot = "";
			targets = (
				C21B842E242715CA00A1C057 /* Browser */,
				C21B8444242715D200A1C057 /* BrowserTests */,
			);
		};
/* End PBXProject section */

/* Begin PBXResourcesBuildPhase section */
		C21B842D242715CA00A1C057 /* Resources */ = {
			isa = PBXResourcesBuildPhase;
			buildActionMask = 2147483647;
			files = (
				C22D0ECA26A05FEC00C9C748 /* Bookmark.storyboard in Resources */,
				C224AD5828C872170004B11F /* LogTableViewSection.xib in Resources */,
				C21B843C242715D200A1C057 /* Assets.xcassets in Resources */,
				C29E52CB2676A59A00909229 /* ScriptInputDialog.storyboard in Resources */,
				C23D460E256D2F9300EF835C /* Launch.storyboard in Resources */,
				C224AD5A28C8722F0004B11F /* LogTableViewCell.xib in Resources */,
				C27444C825582AA2002AF201 /* History.storyboard in Resources */,
				C224AD4B28C551DF0004B11F /* BRAppBar.xib in Resources */,
				C2BCB25D28D3D6D000F1CB50 /* CookieTableViewCell.xib in Resources */,
				C224AD6E28CF64310004B11F /* ConsoleLogTableViewCell.xib in Resources */,
				C224AD4128C3CFFF0004B11F /* MenuBottomSheetController.storyboard in Resources */,
				C285D074265936D800E6A12B /* ConsoleLog.storyboard in Resources */,
				C2F43CE924E030E3001CAE44 /* Cookie.storyboard in Resources */,
				C2A8DE74253189E300A78EBB /* ErrorDialog.storyboard in Resources */,
				C285D08726638D2700E6A12B /* WebkitLog.storyboard in Resources */,
				C2BCB26328E7E08F00F1CB50 /* www in Resources */,
				C224AD6328CBA3E40004B11F /* WebkitLogTableViewCell.xib in Resources */,
				C29E52D8267EE15B00909229 /* HtmlElement.storyboard in Resources */,
				C21B845624279F5100A1C057 /* Main.storyboard in Resources */,
				C2DB7AB4256967D8002A5897 /* Index.storyboard in Resources */,
				C2BCB25F28D55D8900F1CB50 /* BookmarkTableViewCell.xib in Resources */,
			);
			runOnlyForDeploymentPostprocessing = 0;
		};
		C21B8443242715D200A1C057 /* Resources */ = {
			isa = PBXResourcesBuildPhase;
			buildActionMask = 2147483647;
			files = (
			);
			runOnlyForDeploymentPostprocessing = 0;
		};
/* End PBXResourcesBuildPhase section */

/* Begin PBXSourcesBuildPhase section */
		C21B842B242715CA00A1C057 /* Sources */ = {
			isa = PBXSourcesBuildPhase;
			buildActionMask = 2147483647;
			files = (
				C2FECC2A242F0A6600FD1878 /* StringExt.swift in Sources */,
				C224AD6528CBA3F70004B11F /* WebkitLogTableViewCell.swift in Sources */,
				C224AD3D28C3C9930004B11F /* BottomSheetController.swift in Sources */,
				C2939AF02624FFEC00CF9389 /* SQLite.swift in Sources */,
				C2BCB26128D55DBD00F1CB50 /* BookmarkTableViewCell.swift in Sources */,
				C285D08A26638DD300E6A12B /* WebkitLogViewController.swift in Sources */,
				C224AD3F28C3CFD00004B11F /* MenuBottomSheetController.swift in Sources */,
				C2BCB25728D28BD900F1CB50 /* BRImageButton.swift in Sources */,
				C22D0ECC26A0601800C9C748 /* BookmarkViewController.swift in Sources */,
				C285D07B2659402200E6A12B /* ConsoleLogData.swift in Sources */,
				C224AD6828CC43BF0004B11F /* CardView.swift in Sources */,
				C224AD6C28CF641E0004B11F /* ConsoleLogTableViewCell.swift in Sources */,
				C2DB7AB7256967F6002A5897 /* IndexViewController.swift in Sources */,
				C2FECC31242F4D1500FD1878 /* AppConfig.swift in Sources */,
				C224AD4528C43F7D0004B11F /* HJTableView.swift in Sources */,
				C22D0EC8269F29E900C9C748 /* HJCheckBox.swift in Sources */,
				C285D0A5266988B400E6A12B /* HJDivider.swift in Sources */,
				C2939AFF262CEF0400CF9389 /* DefineType.swift in Sources */,
				C24E5ADB28A7FB52001FCDCC /* BaseViewController.swift in Sources */,
				C2F43CEB24E03102001CAE44 /* CookieViewController.swift in Sources */,
				C2939AF32628F84300CF9389 /* SQLiteService.swift in Sources */,
				C224AD5628C870820004B11F /* LogTableView.swift in Sources */,
				C224AD5C28C873BA0004B11F /* LogTableViewSection.swift in Sources */,
				C27444CB25582ABE002AF201 /* HistoryViewController.swift in Sources */,
				C29E52C7267173B100909229 /* ScriptInputDialogController.swift in Sources */,
				C224AD5E28C88E900004B11F /* LogTableViewCell.swift in Sources */,
				C224AD4328C3D6290004B11F /* MenuBottomSheetTableCell.swift in Sources */,
				C29E52DA267EE17D00909229 /* HtmlElementViewController.swift in Sources */,
				C25487C024F0F18D00F850AC /* JsData.swift in Sources */,
				C224AD6128CB470B0004B11F /* StatusBar.swift in Sources */,
				C21B8433242715CA00A1C057 /* AppDelegate.swift in Sources */,
				C2939AFB262BD36200CF9389 /* HistoryData.swift in Sources */,
				C2443EFD24B1CDF500E5778E /* DefineCode.swift in Sources */,
				C285D0772659377900E6A12B /* ConsoleLogViewController.swift in Sources */,
				C2FECC28242F0A0800FD1878 /* LogUtil.swift in Sources */,
				C285D094266594EC00E6A12B /* HJView.swift in Sources */,
				C224AD5228C816580004B11F /* AlertUtil.swift in Sources */,
				C2939AF62629F0D800CF9389 /* PrefUtil.swift in Sources */,
				C224AD5028C554390004B11F /* BRColor.swift in Sources */,
				C21B845824279F6A00A1C057 /* MainViewController.swift in Sources */,
				C2AA46532756D62600F213EB /* DefaultsUtil.swift in Sources */,
				C22D0ED326A267C800C9C748 /* BookmarkData.swift in Sources */,
				C285D083265FDF2B00E6A12B /* WebkitLogData.swift in Sources */,
				C21B845B242A414C00A1C057 /* JsBridge.swift in Sources */,
				C2A8DE77253189FE00A78EBB /* ErrorDialogController.swift in Sources */,
				C224AC9128B271E30004B11F /* SiteTableCell.swift in Sources */,
				C2FECC2F242F4C2000FD1878 /* Util.swift in Sources */,
				C29E52D5267DF8C600909229 /* HJTextView.swift in Sources */,
				C29E52D12678E82400909229 /* HJButton.swift in Sources */,
				C2BCB25B28D3D64000F1CB50 /* CookieTableViewCell.swift in Sources */,
				C224AD4D28C552C50004B11F /* BRAppBar.swift in Sources */,
				C2939AE92624815E00CF9389 /* DefineQuery.swift in Sources */,
				C27444D1255AB4D9002AF201 /* PreferenceUtil.swift in Sources */,
				C2FECC2D242F4B3900FD1878 /* CustomUI.swift in Sources */,
				C29E52D3267DA93100909229 /* HJTextField.swift in Sources */,
			);
			runOnlyForDeploymentPostprocessing = 0;
		};
		C21B8441242715D200A1C057 /* Sources */ = {
			isa = PBXSourcesBuildPhase;
			buildActionMask = 2147483647;
			files = (
			);
			runOnlyForDeploymentPostprocessing = 0;
		};
/* End PBXSourcesBuildPhase section */

/* Begin PBXTargetDependency section */
		C21B8447242715D200A1C057 /* PBXTargetDependency */ = {
			isa = PBXTargetDependency;
			target = C21B842E242715CA00A1C057 /* Browser */;
			targetProxy = C21B8446242715D200A1C057 /* PBXContainerItemProxy */;
		};
/* End PBXTargetDependency section */

/* Begin XCBuildConfiguration section */
		C21B844C242715D200A1C057 /* Debug */ = {
			isa = XCBuildConfiguration;
			buildSettings = {
				ALWAYS_SEARCH_USER_PATHS = NO;
				CLANG_ANALYZER_LOCALIZABILITY_NONLOCALIZED = YES;
				CLANG_ANALYZER_NONNULL = YES;
				CLANG_ANALYZER_NUMBER_OBJECT_CONVERSION = YES_AGGRESSIVE;
				CLANG_CXX_LANGUAGE_STANDARD = "gnu++14";
				CLANG_CXX_LIBRARY = "libc++";
				CLANG_ENABLE_MODULES = YES;
				CLANG_ENABLE_OBJC_ARC = YES;
				CLANG_ENABLE_OBJC_WEAK = YES;
				CLANG_WARN_BLOCK_CAPTURE_AUTORELEASING = YES;
				CLANG_WARN_BOOL_CONVERSION = YES;
				CLANG_WARN_COMMA = YES;
				CLANG_WARN_CONSTANT_CONVERSION = YES;
				CLANG_WARN_DEPRECATED_OBJC_IMPLEMENTATIONS = YES;
				CLANG_WARN_DIRECT_OBJC_ISA_USAGE = YES_ERROR;
				CLANG_WARN_DOCUMENTATION_COMMENTS = YES;
				CLANG_WARN_EMPTY_BODY = YES;
				CLANG_WARN_ENUM_CONVERSION = YES;
				CLANG_WARN_INFINITE_RECURSION = YES;
				CLANG_WARN_INT_CONVERSION = YES;
				CLANG_WARN_NON_LITERAL_NULL_CONVERSION = YES;
				CLANG_WARN_OBJC_IMPLICIT_RETAIN_SELF = YES;
				CLANG_WARN_OBJC_LITERAL_CONVERSION = YES;
				CLANG_WARN_OBJC_ROOT_CLASS = YES_ERROR;
				CLANG_WARN_RANGE_LOOP_ANALYSIS = YES;
				CLANG_WARN_STRICT_PROTOTYPES = YES;
				CLANG_WARN_SUSPICIOUS_MOVE = YES;
				CLANG_WARN_UNGUARDED_AVAILABILITY = YES_AGGRESSIVE;
				CLANG_WARN_UNREACHABLE_CODE = YES;
				CLANG_WARN__DUPLICATE_METHOD_MATCH = YES;
				COPY_PHASE_STRIP = NO;
				DEBUG_INFORMATION_FORMAT = dwarf;
				ENABLE_STRICT_OBJC_MSGSEND = YES;
				ENABLE_TESTABILITY = YES;
				GCC_C_LANGUAGE_STANDARD = gnu11;
				GCC_DYNAMIC_NO_PIC = NO;
				GCC_NO_COMMON_BLOCKS = YES;
				GCC_OPTIMIZATION_LEVEL = 0;
				GCC_PREPROCESSOR_DEFINITIONS = (
					"DEBUG=1",
					"$(inherited)",
				);
				GCC_WARN_64_TO_32_BIT_CONVERSION = YES;
				GCC_WARN_ABOUT_RETURN_TYPE = YES_ERROR;
				GCC_WARN_UNDECLARED_SELECTOR = YES;
				GCC_WARN_UNINITIALIZED_AUTOS = YES_AGGRESSIVE;
				GCC_WARN_UNUSED_FUNCTION = YES;
				GCC_WARN_UNUSED_VARIABLE = YES;
				IPHONEOS_DEPLOYMENT_TARGET = 10.0;
				MTL_ENABLE_DEBUG_INFO = INCLUDE_SOURCE;
				MTL_FAST_MATH = YES;
				ONLY_ACTIVE_ARCH = YES;
				SDKROOT = iphoneos;
				SWIFT_ACTIVE_COMPILATION_CONDITIONS = DEBUG;
				SWIFT_OPTIMIZATION_LEVEL = "-Onone";
			};
			name = Debug;
		};
		C21B844D242715D200A1C057 /* Release */ = {
			isa = XCBuildConfiguration;
			buildSettings = {
				ALWAYS_SEARCH_USER_PATHS = NO;
				CLANG_ANALYZER_LOCALIZABILITY_NONLOCALIZED = YES;
				CLANG_ANALYZER_NONNULL = YES;
				CLANG_ANALYZER_NUMBER_OBJECT_CONVERSION = YES_AGGRESSIVE;
				CLANG_CXX_LANGUAGE_STANDARD = "gnu++14";
				CLANG_CXX_LIBRARY = "libc++";
				CLANG_ENABLE_MODULES = YES;
				CLANG_ENABLE_OBJC_ARC = YES;
				CLANG_ENABLE_OBJC_WEAK = YES;
				CLANG_WARN_BLOCK_CAPTURE_AUTORELEASING = YES;
				CLANG_WARN_BOOL_CONVERSION = YES;
				CLANG_WARN_COMMA = YES;
				CLANG_WARN_CONSTANT_CONVERSION = YES;
				CLANG_WARN_DEPRECATED_OBJC_IMPLEMENTATIONS = YES;
				CLANG_WARN_DIRECT_OBJC_ISA_USAGE = YES_ERROR;
				CLANG_WARN_DOCUMENTATION_COMMENTS = YES;
				CLANG_WARN_EMPTY_BODY = YES;
				CLANG_WARN_ENUM_CONVERSION = YES;
				CLANG_WARN_INFINITE_RECURSION = YES;
				CLANG_WARN_INT_CONVERSION = YES;
				CLANG_WARN_NON_LITERAL_NULL_CONVERSION = YES;
				CLANG_WARN_OBJC_IMPLICIT_RETAIN_SELF = YES;
				CLANG_WARN_OBJC_LITERAL_CONVERSION = YES;
				CLANG_WARN_OBJC_ROOT_CLASS = YES_ERROR;
				CLANG_WARN_RANGE_LOOP_ANALYSIS = YES;
				CLANG_WARN_STRICT_PROTOTYPES = YES;
				CLANG_WARN_SUSPICIOUS_MOVE = YES;
				CLANG_WARN_UNGUARDED_AVAILABILITY = YES_AGGRESSIVE;
				CLANG_WARN_UNREACHABLE_CODE = YES;
				CLANG_WARN__DUPLICATE_METHOD_MATCH = YES;
				COPY_PHASE_STRIP = NO;
				DEBUG_INFORMATION_FORMAT = "dwarf-with-dsym";
				ENABLE_NS_ASSERTIONS = NO;
				ENABLE_STRICT_OBJC_MSGSEND = YES;
				GCC_C_LANGUAGE_STANDARD = gnu11;
				GCC_NO_COMMON_BLOCKS = YES;
				GCC_WARN_64_TO_32_BIT_CONVERSION = YES;
				GCC_WARN_ABOUT_RETURN_TYPE = YES_ERROR;
				GCC_WARN_UNDECLARED_SELECTOR = YES;
				GCC_WARN_UNINITIALIZED_AUTOS = YES_AGGRESSIVE;
				GCC_WARN_UNUSED_FUNCTION = YES;
				GCC_WARN_UNUSED_VARIABLE = YES;
				IPHONEOS_DEPLOYMENT_TARGET = 10.0;
				MTL_ENABLE_DEBUG_INFO = NO;
				MTL_FAST_MATH = YES;
				SDKROOT = iphoneos;
				SWIFT_COMPILATION_MODE = wholemodule;
				SWIFT_OPTIMIZATION_LEVEL = "-O";
				VALIDATE_PRODUCT = YES;
			};
			name = Release;
		};
		C21B844F242715D200A1C057 /* Debug */ = {
			isa = XCBuildConfiguration;
			buildSettings = {
				ASSETCATALOG_COMPILER_APPICON_NAME = AppIcon;
				CODE_SIGN_ENTITLEMENTS = Browser/Browser.entitlements;
				CODE_SIGN_IDENTITY = "Apple Development";
				CODE_SIGN_STYLE = Automatic;
				CURRENT_PROJECT_VERSION = 1.0.6;
				DEVELOPMENT_TEAM = WGWMP4P875;
				INFOPLIST_FILE = Browser/Info.plist;
				IPHONEOS_DEPLOYMENT_TARGET = 10.0;
				LD_RUNPATH_SEARCH_PATHS = (
					"$(inherited)",
					"@executable_path/Frameworks",
				);
				LIBRARY_SEARCH_PATHS = (
					"$(inherited)",
					"$(SDKROOT)/usr/lib/swift",
				);
				MARKETING_VERSION = 1.0.6;
				PRODUCT_BUNDLE_IDENTIFIER = com.ghj.Browser;
				PRODUCT_NAME = "$(TARGET_NAME)";
				PROVISIONING_PROFILE_SPECIFIER = "";
				SWIFT_VERSION = 5.0;
				TARGETED_DEVICE_FAMILY = "1,2";
			};
			name = Debug;
		};
		C21B8450242715D200A1C057 /* Release */ = {
			isa = XCBuildConfiguration;
			buildSettings = {
				ASSETCATALOG_COMPILER_APPICON_NAME = AppIcon;
				CODE_SIGN_ENTITLEMENTS = Browser/Browser.entitlements;
				CODE_SIGN_IDENTITY = "Apple Development";
				CODE_SIGN_STYLE = Automatic;
				CURRENT_PROJECT_VERSION = 1.0.6;
				DEVELOPMENT_TEAM = WGWMP4P875;
				INFOPLIST_FILE = Browser/Info.plist;
				IPHONEOS_DEPLOYMENT_TARGET = 10.0;
				LD_RUNPATH_SEARCH_PATHS = (
					"$(inherited)",
					"@executable_path/Frameworks",
				);
				LIBRARY_SEARCH_PATHS = (
					"$(inherited)",
					"$(SDKROOT)/usr/lib/swift",
				);
				MARKETING_VERSION = 1.0.6;
				PRODUCT_BUNDLE_IDENTIFIER = com.ghj.Browser;
				PRODUCT_NAME = "$(TARGET_NAME)";
				PROVISIONING_PROFILE_SPECIFIER = "";
				SWIFT_VERSION = 5.0;
				TARGETED_DEVICE_FAMILY = "1,2";
			};
			name = Release;
		};
		C21B8452242715D200A1C057 /* Debug */ = {
			isa = XCBuildConfiguration;
			buildSettings = {
				ALWAYS_EMBED_SWIFT_STANDARD_LIBRARIES = YES;
				BUNDLE_LOADER = "$(TEST_HOST)";
				CODE_SIGN_STYLE = Automatic;
				DEVELOPMENT_TEAM = WGWMP4P875;
				INFOPLIST_FILE = BrowserTests/Info.plist;
				IPHONEOS_DEPLOYMENT_TARGET = 10.0;
				LD_RUNPATH_SEARCH_PATHS = (
					"$(inherited)",
					"@executable_path/Frameworks",
					"@loader_path/Frameworks",
				);
				PRODUCT_BUNDLE_IDENTIFIER = com.ghj.BrowserTests;
				PRODUCT_NAME = "$(TARGET_NAME)";
				SWIFT_VERSION = 5.0;
				TARGETED_DEVICE_FAMILY = "1,2";
				TEST_HOST = "$(BUILT_PRODUCTS_DIR)/Browser.app/Browser";
			};
			name = Debug;
		};
		C21B8453242715D200A1C057 /* Release */ = {
			isa = XCBuildConfiguration;
			buildSettings = {
				ALWAYS_EMBED_SWIFT_STANDARD_LIBRARIES = YES;
				BUNDLE_LOADER = "$(TEST_HOST)";
				CODE_SIGN_STYLE = Automatic;
				DEVELOPMENT_TEAM = WGWMP4P875;
				INFOPLIST_FILE = BrowserTests/Info.plist;
				IPHONEOS_DEPLOYMENT_TARGET = 10.0;
				LD_RUNPATH_SEARCH_PATHS = (
					"$(inherited)",
					"@executable_path/Frameworks",
					"@loader_path/Frameworks",
				);
				PRODUCT_BUNDLE_IDENTIFIER = com.ghj.BrowserTests;
				PRODUCT_NAME = "$(TARGET_NAME)";
				SWIFT_VERSION = 5.0;
				TARGETED_DEVICE_FAMILY = "1,2";
				TEST_HOST = "$(BUILT_PRODUCTS_DIR)/Browser.app/Browser";
			};
			name = Release;
		};
/* End XCBuildConfiguration section */

/* Begin XCConfigurationList section */
		C21B842A242715CA00A1C057 /* Build configuration list for PBXProject "Browser" */ = {
			isa = XCConfigurationList;
			buildConfigurations = (
				C21B844C242715D200A1C057 /* Debug */,
				C21B844D242715D200A1C057 /* Release */,
			);
			defaultConfigurationIsVisible = 0;
			defaultConfigurationName = Release;
		};
		C21B844E242715D200A1C057 /* Build configuration list for PBXNativeTarget "Browser" */ = {
			isa = XCConfigurationList;
			buildConfigurations = (
				C21B844F242715D200A1C057 /* Debug */,
				C21B8450242715D200A1C057 /* Release */,
			);
			defaultConfigurationIsVisible = 0;
			defaultConfigurationName = Release;
		};
		C21B8451242715D200A1C057 /* Build configuration list for PBXNativeTarget "BrowserTests" */ = {
			isa = XCConfigurationList;
			buildConfigurations = (
				C21B8452242715D200A1C057 /* Debug */,
				C21B8453242715D200A1C057 /* Release */,
			);
			defaultConfigurationIsVisible = 0;
			defaultConfigurationName = Release;
		};
/* End XCConfigurationList section */
	};
	rootObject = C21B8427242715CA00A1C057 /* Project object */;
}
